
Microsoft Visual Studio Solution File, Format Version 12.00
# Visual Studio Version 16
VisualStudioVersion = 16.0.30717.126
MinimumVisualStudioVersion = 10.0.40219.1
Project("{FAE04EC0-301F-11D3-BF4B-00C04F79EFBC}") = "RomanCalculator.Impl", "RomanCalculator\RomanCalculator.Impl.csproj", "{4E79E48C-B1DC-4133-BE10-C69706963070}"
EndProject
Project("{FAE04EC0-301F-11D3-BF4B-00C04F79EFBC}") = "RomanCalculator.Tests", "RomanCalculatorTests\RomanCalculator.Tests.csproj", "{CC6606F4-D9F0-440C-A354-93E77C3CAC90}"
EndProject
Global
	GlobalSection(SolutionConfigurationPlatforms) = preSolution
		Debug|Any CPU = Debug|Any CPU
		Release|Any CPU = Release|Any CPU
	EndGlobalSection
	GlobalSection(ProjectConfigurationPlatforms) = postSolution
		{4E79E48C-B1DC-4133-BE10-C69706963070}.Debug|Any CPU.ActiveCfg = Debug|Any CPU
		{4E79E48C-B1DC-4133-BE10-C69706963070}.Debug|Any CPU.Build.0 = Debug|Any CPU
		{4E79E48C-B1DC-4133-BE10-C69706963070}.Release|Any CPU.ActiveCfg = Release|Any CPU
		{4E79E48C-B1DC-4133-BE10-C69706963070}.Release|Any CPU.Build.0 = Release|Any CPU
		{CC6606F4-D9F0-440C-A354-93E77C3CAC90}.Debug|Any CPU.ActiveCfg = Debug|Any CPU
		{CC6606F4-D9F0-440C-A354-93E77C3CAC90}.Debug|Any CPU.Build.0 = Debug|Any CPU
		{CC6606F4-D9F0-440C-A354-93E77C3CAC90}.Release|Any CPU.ActiveCfg = Release|Any CPU
		{CC6606F4-D9F0-440C-A354-93E77C3CAC90}.Release|Any CPU.Build.0 = Release|Any CPU
	EndGlobalSection
	GlobalSection(SolutionProperties) = preSolution
		HideSolutionNode = FALSE
	EndGlobalSection
	GlobalSection(ExtensibilityGlobals) = postSolution
		SolutionGuid = {389D2FBE-B2B7-495E-BB33-927F18885321}
	EndGlobalSection
EndGlobal
